
Microsoft Visual Studio Solution File, Format Version 12.00
# Visual Studio Version 17
VisualStudioVersion = 17.0.31410.414
MinimumVisualStudioVersion = 10.0.40219.1
Project("{2150E333-8FDC-42A3-9474-1A3956D46DE8}") = "Frontend", "Frontend", "{4CF665F2-B4B8-4628-ACCD-F46E0BA9B067}"
EndProject
Project("{2150E333-8FDC-42A3-9474-1A3956D46DE8}") = "Services", "Services", "{CBE1F38B-18DE-434E-B83F-9F88C13112EB}"
EndProject
Project("{2150E333-8FDC-42A3-9474-1A3956D46DE8}") = "Workers", "Workers", "{5176A140-6AB7-40F3-8C62-D0D625C02B0A}"
EndProject
Project("{9A19103F-16F7-4668-BE54-9A1E7A4F7556}") = "eBike.Web", "src\Frontend\eBike.Web\eBike.Web.csproj", "{172BC554-9E39-4323-963D-FF58E580B9C9}"
EndProject
Project("{2150E333-8FDC-42A3-9474-1A3956D46DE8}") = "Solution Items", "Solution Items", "{9A7F14B2-1CE5-4BCB-92F8-CCBFCB18679C}"
	ProjectSection(SolutionItems) = preProject
		.editorconfig = .editorconfig
		.env = .env
	EndProjectSection
EndProject
Project("{9A19103F-16F7-4668-BE54-9A1E7A4F7556}") = "eBike.Services.Users", "src\Services\eBike.Services.Users\eBike.Services.Users.csproj", "{373A4670-03EE-49D4-8E21-9D9F6A032CDA}"
EndProject
Project("{9A19103F-16F7-4668-BE54-9A1E7A4F7556}") = "eBike.Services.Bikes", "src\Services\eBike.Services.Bikes\eBike.Services.Bikes.csproj", "{FE5D5F47-F0EE-4E7A-B052-8E60C80266E3}"
EndProject
Project("{9A19103F-16F7-4668-BE54-9A1E7A4F7556}") = "eBike.Workers.Processing", "src\Workers\eBike.Workers.Processing\eBike.Workers.Processing.csproj", "{433EE031-1A4E-498D-A83C-B8A1E120C277}"
EndProject
Project("{E53339B2-1760-4266-BCC7-CA923CBCF16C}") = "docker-compose", "docker-compose.dcproj", "{11567B56-0F9E-4B87-9E5C-749136F5D531}"
EndProject
Project("{2150E333-8FDC-42A3-9474-1A3956D46DE8}") = "Commons", "Commons", "{DD771A31-A5B1-4808-8442-11166E255CDE}"
EndProject
Project("{9A19103F-16F7-4668-BE54-9A1E7A4F7556}") = "eBike.Commons", "src\Commons\eBike.Commons\eBike.Commons.csproj", "{B859BD5E-7218-44AE-B1C4-EE933CB14BF4}"
EndProject
Project("{2150E333-8FDC-42A3-9474-1A3956D46DE8}") = "Aggregators", "Aggregators", "{DE8AAF50-ACC7-4BA7-85B3-98FB92115379}"
EndProject
Project("{9A19103F-16F7-4668-BE54-9A1E7A4F7556}") = "eBike.BFF.Aggregator", "src\Aggregators\eBike.BFF.Aggregator\eBike.BFF.Aggregator.csproj", "{D2CD1DF0-69BF-498C-9D97-DC8283DD167F}"
EndProject
Project("{2150E333-8FDC-42A3-9474-1A3956D46DE8}") = "dapr", "dapr", "{A03A8CC4-7C9D-4F19-A624-7C33FDB401B4}"
EndProject
Project("{2150E333-8FDC-42A3-9474-1A3956D46DE8}") = "Components", "Components", "{F0C0E4F3-49EB-4E96-86F7-571D1B45A21A}"
	ProjectSection(SolutionItems) = preProject
		dapr\components\redis.yaml = dapr\components\redis.yaml
	EndProjectSection
EndProject
Project("{2150E333-8FDC-42A3-9474-1A3956D46DE8}") = "Tests", "Tests", "{DDE1A6D9-B14E-4360-9940-6F9586F8999A}"
EndProject
Project("{2150E333-8FDC-42A3-9474-1A3956D46DE8}") = "Workers", "Workers", "{FF30F5B2-5539-41E7-8C69-FB59DF942223}"
EndProject
Project("{FAE04EC0-301F-11D3-BF4B-00C04F79EFBC}") = "eBike.Workers.Processing.Tests", "tests\eBike.Workers.Processing.Tests\eBike.Workers.Processing.Tests.csproj", "{EDD34F27-AC39-4F0F-86D9-D9350927B783}"
EndProject
Global
	GlobalSection(SolutionConfigurationPlatforms) = preSolution
		Debug|Any CPU = Debug|Any CPU
		Release|Any CPU = Release|Any CPU
	EndGlobalSection
	GlobalSection(ProjectConfigurationPlatforms) = postSolution
		{172BC554-9E39-4323-963D-FF58E580B9C9}.Debug|Any CPU.ActiveCfg = Debug|Any CPU
		{172BC554-9E39-4323-963D-FF58E580B9C9}.Debug|Any CPU.Build.0 = Debug|Any CPU
		{172BC554-9E39-4323-963D-FF58E580B9C9}.Release|Any CPU.ActiveCfg = Release|Any CPU
		{172BC554-9E39-4323-963D-FF58E580B9C9}.Release|Any CPU.Build.0 = Release|Any CPU
		{373A4670-03EE-49D4-8E21-9D9F6A032CDA}.Debug|Any CPU.ActiveCfg = Debug|Any CPU
		{373A4670-03EE-49D4-8E21-9D9F6A032CDA}.Debug|Any CPU.Build.0 = Debug|Any CPU
		{373A4670-03EE-49D4-8E21-9D9F6A032CDA}.Release|Any CPU.ActiveCfg = Release|Any CPU
		{373A4670-03EE-49D4-8E21-9D9F6A032CDA}.Release|Any CPU.Build.0 = Release|Any CPU
		{FE5D5F47-F0EE-4E7A-B052-8E60C80266E3}.Debug|Any CPU.ActiveCfg = Debug|Any CPU
		{FE5D5F47-F0EE-4E7A-B052-8E60C80266E3}.Debug|Any CPU.Build.0 = Debug|Any CPU
		{FE5D5F47-F0EE-4E7A-B052-8E60C80266E3}.Release|Any CPU.ActiveCfg = Release|Any CPU
		{FE5D5F47-F0EE-4E7A-B052-8E60C80266E3}.Release|Any CPU.Build.0 = Release|Any CPU
		{433EE031-1A4E-498D-A83C-B8A1E120C277}.Debug|Any CPU.ActiveCfg = Debug|Any CPU
		{433EE031-1A4E-498D-A83C-B8A1E120C277}.Debug|Any CPU.Build.0 = Debug|Any CPU
		{433EE031-1A4E-498D-A83C-B8A1E120C277}.Release|Any CPU.ActiveCfg = Release|Any CPU
		{433EE031-1A4E-498D-A83C-B8A1E120C277}.Release|Any CPU.Build.0 = Release|Any CPU
		{11567B56-0F9E-4B87-9E5C-749136F5D531}.Debug|Any CPU.ActiveCfg = Debug|Any CPU
		{11567B56-0F9E-4B87-9E5C-749136F5D531}.Debug|Any CPU.Build.0 = Debug|Any CPU
		{11567B56-0F9E-4B87-9E5C-749136F5D531}.Release|Any CPU.ActiveCfg = Release|Any CPU
		{11567B56-0F9E-4B87-9E5C-749136F5D531}.Release|Any CPU.Build.0 = Release|Any CPU
		{B859BD5E-7218-44AE-B1C4-EE933CB14BF4}.Debug|Any CPU.ActiveCfg = Debug|Any CPU
		{B859BD5E-7218-44AE-B1C4-EE933CB14BF4}.Debug|Any CPU.Build.0 = Debug|Any CPU
		{B859BD5E-7218-44AE-B1C4-EE933CB14BF4}.Release|Any CPU.ActiveCfg = Release|Any CPU
		{B859BD5E-7218-44AE-B1C4-EE933CB14BF4}.Release|Any CPU.Build.0 = Release|Any CPU
		{D2CD1DF0-69BF-498C-9D97-DC8283DD167F}.Debug|Any CPU.ActiveCfg = Debug|Any CPU
		{D2CD1DF0-69BF-498C-9D97-DC8283DD167F}.Debug|Any CPU.Build.0 = Debug|Any CPU
		{D2CD1DF0-69BF-498C-9D97-DC8283DD167F}.Release|Any CPU.ActiveCfg = Release|Any CPU
		{D2CD1DF0-69BF-498C-9D97-DC8283DD167F}.Release|Any CPU.Build.0 = Release|Any CPU
		{EDD34F27-AC39-4F0F-86D9-D9350927B783}.Debug|Any CPU.ActiveCfg = Debug|Any CPU
		{EDD34F27-AC39-4F0F-86D9-D9350927B783}.Debug|Any CPU.Build.0 = Debug|Any CPU
		{EDD34F27-AC39-4F0F-86D9-D9350927B783}.Release|Any CPU.ActiveCfg = Release|Any CPU
		{EDD34F27-AC39-4F0F-86D9-D9350927B783}.Release|Any CPU.Build.0 = Release|Any CPU
	EndGlobalSection
	GlobalSection(SolutionProperties) = preSolution
		HideSolutionNode = FALSE
	EndGlobalSection
	GlobalSection(NestedProjects) = preSolution
		{172BC554-9E39-4323-963D-FF58E580B9C9} = {4CF665F2-B4B8-4628-ACCD-F46E0BA9B067}
		{373A4670-03EE-49D4-8E21-9D9F6A032CDA} = {CBE1F38B-18DE-434E-B83F-9F88C13112EB}
		{FE5D5F47-F0EE-4E7A-B052-8E60C80266E3} = {CBE1F38B-18DE-434E-B83F-9F88C13112EB}
		{433EE031-1A4E-498D-A83C-B8A1E120C277} = {5176A140-6AB7-40F3-8C62-D0D625C02B0A}
		{B859BD5E-7218-44AE-B1C4-EE933CB14BF4} = {DD771A31-A5B1-4808-8442-11166E255CDE}
		{D2CD1DF0-69BF-498C-9D97-DC8283DD167F} = {DE8AAF50-ACC7-4BA7-85B3-98FB92115379}
		{F0C0E4F3-49EB-4E96-86F7-571D1B45A21A} = {A03A8CC4-7C9D-4F19-A624-7C33FDB401B4}
		{FF30F5B2-5539-41E7-8C69-FB59DF942223} = {DDE1A6D9-B14E-4360-9940-6F9586F8999A}
		{EDD34F27-AC39-4F0F-86D9-D9350927B783} = {FF30F5B2-5539-41E7-8C69-FB59DF942223}
	EndGlobalSection
	GlobalSection(ExtensibilityGlobals) = postSolution
		SolutionGuid = {9672F594-EA85-4A14-B2F9-408BF5F15022}
	EndGlobalSection
EndGlobal
